
Microsoft Visual Studio Solution File, Format Version 12.00
# Visual Studio Version 17
VisualStudioVersion = 17.9.34902.65
MinimumVisualStudioVersion = 10.0.40219.1
Project("{FAE04EC0-301F-11D3-BF4B-00C04F79EFBC}") = "ConsistentSystem", "ConsistentSystem\ConsistentSystem.csproj", "{42BC1D60-EDB8-409F-B0C9-ACB99D0206E2}"
EndProject
Project("{FAE04EC0-301F-11D3-BF4B-00C04F79EFBC}") = "Client", "Client\Client.csproj", "{66C637A8-8C2E-418F-8B2B-F8A4830B470A}"
	ProjectSection(ProjectDependencies) = postProject
		{42BC1D60-EDB8-409F-B0C9-ACB99D0206E2} = {42BC1D60-EDB8-409F-B0C9-ACB99D0206E2}
	EndProjectSection
EndProject
Project("{FAE04EC0-301F-11D3-BF4B-00C04F79EFBC}") = "SensorAligner", "SensorAligner\SensorAligner.csproj", "{A3487DE9-6276-4CB0-9C4F-94A319F72BED}"
	ProjectSection(ProjectDependencies) = postProject
		{42BC1D60-EDB8-409F-B0C9-ACB99D0206E2} = {42BC1D60-EDB8-409F-B0C9-ACB99D0206E2}
	EndProjectSection
EndProject
Global
	GlobalSection(SolutionConfigurationPlatforms) = preSolution
		Debug|Any CPU = Debug|Any CPU
		Release|Any CPU = Release|Any CPU
	EndGlobalSection
	GlobalSection(ProjectConfigurationPlatforms) = postSolution
		{42BC1D60-EDB8-409F-B0C9-ACB99D0206E2}.Debug|Any CPU.ActiveCfg = Debug|Any CPU
		{42BC1D60-EDB8-409F-B0C9-ACB99D0206E2}.Debug|Any CPU.Build.0 = Debug|Any CPU
		{42BC1D60-EDB8-409F-B0C9-ACB99D0206E2}.Release|Any CPU.ActiveCfg = Release|Any CPU
		{42BC1D60-EDB8-409F-B0C9-ACB99D0206E2}.Release|Any CPU.Build.0 = Release|Any CPU
		{66C637A8-8C2E-418F-8B2B-F8A4830B470A}.Debug|Any CPU.ActiveCfg = Debug|Any CPU
		{66C637A8-8C2E-418F-8B2B-F8A4830B470A}.Debug|Any CPU.Build.0 = Debug|Any CPU
		{66C637A8-8C2E-418F-8B2B-F8A4830B470A}.Release|Any CPU.ActiveCfg = Release|Any CPU
		{66C637A8-8C2E-418F-8B2B-F8A4830B470A}.Release|Any CPU.Build.0 = Release|Any CPU
		{A3487DE9-6276-4CB0-9C4F-94A319F72BED}.Debug|Any CPU.ActiveCfg = Debug|Any CPU
		{A3487DE9-6276-4CB0-9C4F-94A319F72BED}.Debug|Any CPU.Build.0 = Debug|Any CPU
		{A3487DE9-6276-4CB0-9C4F-94A319F72BED}.Release|Any CPU.ActiveCfg = Release|Any CPU
		{A3487DE9-6276-4CB0-9C4F-94A319F72BED}.Release|Any CPU.Build.0 = Release|Any CPU
	EndGlobalSection
	GlobalSection(SolutionProperties) = preSolution
		HideSolutionNode = FALSE
	EndGlobalSection
	GlobalSection(ExtensibilityGlobals) = postSolution
		SolutionGuid = {B0ABB8AB-790D-43A8-93F8-3CFD650E0632}
	EndGlobalSection
EndGlobal
